<?xml version="1.0" encoding="utf-8"?>
<Project ToolsVersion="4.0" xmlns="http://schemas.microsoft.com/developer/msbuild/2003">
  <ItemGroup>
    <Filter Include="API Framework">
      <UniqueIdentifier>{ebb58c7c-e09f-4db6-b3ea-e4b060127d4c}</UniqueIdentifier>
    </Filter>
    <Filter Include="API Framework\PCH">
      <UniqueIdentifier>{c972649c-b959-4a89-b97f-eba710a43a86}</UniqueIdentifier>
    </Filter>
    <Filter Include="WinMain">
      <UniqueIdentifier>{1af7aad3-4f72-4145-8bda-0253820eeb4d}</UniqueIdentifier>
    </Filter>
    <Filter Include="API Framework\Utility">
      <UniqueIdentifier>{af3636fa-bceb-4775-888b-320057eab4a2}</UniqueIdentifier>
    </Filter>
    <Filter Include="API Framework\Utility\Math">
      <UniqueIdentifier>{6e3defbe-65a2-4e45-bd2d-4ab036381642}</UniqueIdentifier>
    </Filter>
    <Filter Include="HomeWork">
      <UniqueIdentifier>{9bbbaecb-67a0-4136-aa0d-3e0ae3916bc0}</UniqueIdentifier>
    </Filter>
  </ItemGroup>
  <ItemGroup>
    <ClInclude Include="Stdafx.h">
      <Filter>API Framework\PCH</Filter>
    </ClInclude>
    <ClInclude Include="C3DVector.h">
      <Filter>API Framework\Utility\Math</Filter>
    </ClInclude>
    <ClInclude Include="C3DMatrix.h">
      <Filter>API Framework\Utility\Math</Filter>
    </ClInclude>
    <ClInclude Include="CommonMacroFuntion.h">
      <Filter>API Framework\Utility</Filter>
    </ClInclude>
  </ItemGroup>
  <ItemGroup>
    <ClCompile Include="Homework0716_01.cpp">
      <Filter>HomeWork</Filter>
    </ClCompile>
    <ClCompile Include="Homework0716_02.cpp">
      <Filter>HomeWork</Filter>
    </ClCompile>
    <ClCompile Include="Homework0716_03.cpp">
      <Filter>HomeWork</Filter>
    </ClCompile>
    <ClCompile Include="Stdafx.cpp">
      <Filter>API Framework\PCH</Filter>
    </ClCompile>
    <ClCompile Include="WinAPI.cpp">
      <Filter>WinMain</Filter>
    </ClCompile>
    <ClCompile Include="C3DVector.cpp">
      <Filter>API Framework\Utility\Math</Filter>
    </ClCompile>
    <ClCompile Include="C3DMatrix.cpp">
      <Filter>API Framework\Utility\Math</Filter>
    </ClCompile>
    <ClCompile Include="WinMain.cpp">
      <Filter>WinMain</Filter>
    </ClCompile>
    <ClCompile Include="Homework0717_01.cpp">
      <Filter>HomeWork</Filter>
    </ClCompile>
    <ClCompile Include="Homework0717_02.cpp">
      <Filter>HomeWork</Filter>
    </ClCompile>
    <ClCompile Include="Homework0717_03.cpp">
      <Filter>HomeWork</Filter>
    </ClCompile>
  </ItemGroup>
  <ItemGroup>
    <Text Include="메모.txt" />
    <Text Include="HomeWork.txt">
      <Filter>HomeWork</Filter>
    </Text>
  </ItemGroup>
</Project>